
Microsoft Visual Studio Solution File, Format Version 12.00
# Visual Studio Version 16
VisualStudioVersion = 16.0.29920.165
MinimumVisualStudioVersion = 10.0.40219.1
Project("{FAE04EC0-301F-11D3-BF4B-00C04F79EFBC}") = "EFCORE_WEBAPI_E", "EFCORE_WEBAPI_E\EFCORE_WEBAPI_E.csproj", "{363D9950-8A06-4A1D-9BF2-813561CFF89B}"
EndProject
Global
	GlobalSection(SolutionConfigurationPlatforms) = preSolution
		Debug|Any CPU = Debug|Any CPU
		Release|Any CPU = Release|Any CPU
	EndGlobalSection
	GlobalSection(ProjectConfigurationPlatforms) = postSolution
		{363D9950-8A06-4A1D-9BF2-813561CFF89B}.Debug|Any CPU.ActiveCfg = Debug|Any CPU
		{363D9950-8A06-4A1D-9BF2-813561CFF89B}.Debug|Any CPU.Build.0 = Debug|Any CPU
		{363D9950-8A06-4A1D-9BF2-813561CFF89B}.Release|Any CPU.ActiveCfg = Release|Any CPU
		{363D9950-8A06-4A1D-9BF2-813561CFF89B}.Release|Any CPU.Build.0 = Release|Any CPU
	EndGlobalSection
	GlobalSection(SolutionProperties) = preSolution
		HideSolutionNode = FALSE
	EndGlobalSection
	GlobalSection(ExtensibilityGlobals) = postSolution
		SolutionGuid = {53E41858-5320-40B2-903F-C716C36CA06F}
	EndGlobalSection
EndGlobal
